
Microsoft Visual Studio Solution File, Format Version 12.00
# Visual Studio Version 18
VisualStudioVersion = 18.0.11018.127
MinimumVisualStudioVersion = 10.0.40219.1
Project("{9A19103F-16F7-4668-BE54-9A1E7A4F7556}") = "Questioner.Api", "Questioner.Api\Questioner.Api.csproj", "{1AC2EA96-98AC-49FC-9FE8-981C410E7DF2}"
EndProject
Project("{2150E333-8FDC-42A3-9474-1A3956D46DE8}") = "4 - Infra", "4 - Infra", "{31051FAB-51CC-43DB-82C1-A9A790926918}"
EndProject
Project("{2150E333-8FDC-42A3-9474-1A3956D46DE8}") = "1 - Presentation", "1 - Presentation", "{A3408172-7AC9-4C14-91FE-2A3EE0FF665C}"
EndProject
Project("{2150E333-8FDC-42A3-9474-1A3956D46DE8}") = "2 - Business", "2 - Business", "{214A689D-8162-421A-98BB-C625FE8925CC}"
EndProject
Project("{2150E333-8FDC-42A3-9474-1A3956D46DE8}") = "3 - Repository", "3 - Repository", "{FA9D2DE8-508C-4950-8065-3E595F19FBD4}"
EndProject
Project("{9A19103F-16F7-4668-BE54-9A1E7A4F7556}") = "Core.Contracts", "..\Adhe.Core\Core.Contracts\Core.Contracts.csproj", "{EA4D12AB-305B-43EC-91BE-2A3FCA90DAF2}"
EndProject
Project("{9A19103F-16F7-4668-BE54-9A1E7A4F7556}") = "Questioner.Business", "Questioner.Business\Questioner.Business.csproj", "{8277092D-FB8E-4623-B3DB-4DA39CBDCFF6}"
EndProject
Project("{FAE04EC0-301F-11D3-BF4B-00C04F79EFBC}") = "Questioner.Data", "Questioner.Data\Questioner.Data.csproj", "{DA43EE75-46F3-4C4C-9308-ECF657A314D1}"
EndProject
Project("{FAE04EC0-301F-11D3-BF4B-00C04F79EFBC}") = "Core.Infrastructure", "..\Adhe.Core\Core.Infrastructure\Core.Infrastructure.csproj", "{CF8AACED-A607-438C-B261-7AECDA00868D}"
EndProject
Project("{2150E333-8FDC-42A3-9474-1A3956D46DE8}") = "Core", "Core", "{165A3596-0D61-470A-B701-2D2D28C6F5ED}"
EndProject
Project("{FAE04EC0-301F-11D3-BF4B-00C04F79EFBC}") = "Core.Framework", "..\Adhe.Core\Core.Framework\Core.Framework.csproj", "{A30BEEA8-AF6E-1E21-CCF1-E792435F991C}"
EndProject
Project("{FAE04EC0-301F-11D3-BF4B-00C04F79EFBC}") = "Questioner.Repository", "Questioner.Repository\Questioner.Repository.csproj", "{4B215B35-EE57-4E1F-8B5B-A59565847EA2}"
EndProject
Project("{FAE04EC0-301F-11D3-BF4B-00C04F79EFBC}") = "Questioner.Api.Contracts", "Questioner.Api.Contracts\Questioner.Api.Contracts.csproj", "{811B2F89-AEBE-4AA2-8FB5-DADB09340E5D}"
EndProject
Project("{2150E333-8FDC-42A3-9474-1A3956D46DE8}") = "Common", "Common", "{63BBF8BA-B6A5-4D13-86F0-24A120AA727E}"
EndProject
Project("{FAE04EC0-301F-11D3-BF4B-00C04F79EFBC}") = "Core.SharedServices", "..\Adhe.Core\Core.SharedServices\Core.SharedServices.csproj", "{7B9CD518-3A16-4491-BCA9-B733B81C396F}"
EndProject
Project("{2150E333-8FDC-42A3-9474-1A3956D46DE8}") = "Core", "Core", "{E30358A5-3A7F-43E9-ACCB-9653F51DB9E2}"
EndProject
Global
	GlobalSection(SolutionConfigurationPlatforms) = preSolution
		Debug|Any CPU = Debug|Any CPU
		Release|Any CPU = Release|Any CPU
	EndGlobalSection
	GlobalSection(ProjectConfigurationPlatforms) = postSolution
		{1AC2EA96-98AC-49FC-9FE8-981C410E7DF2}.Debug|Any CPU.ActiveCfg = Debug|Any CPU
		{1AC2EA96-98AC-49FC-9FE8-981C410E7DF2}.Debug|Any CPU.Build.0 = Debug|Any CPU
		{1AC2EA96-98AC-49FC-9FE8-981C410E7DF2}.Release|Any CPU.ActiveCfg = Release|Any CPU
		{1AC2EA96-98AC-49FC-9FE8-981C410E7DF2}.Release|Any CPU.Build.0 = Release|Any CPU
		{EA4D12AB-305B-43EC-91BE-2A3FCA90DAF2}.Debug|Any CPU.ActiveCfg = Debug|Any CPU
		{EA4D12AB-305B-43EC-91BE-2A3FCA90DAF2}.Debug|Any CPU.Build.0 = Debug|Any CPU
		{EA4D12AB-305B-43EC-91BE-2A3FCA90DAF2}.Release|Any CPU.ActiveCfg = Release|Any CPU
		{EA4D12AB-305B-43EC-91BE-2A3FCA90DAF2}.Release|Any CPU.Build.0 = Release|Any CPU
		{8277092D-FB8E-4623-B3DB-4DA39CBDCFF6}.Debug|Any CPU.ActiveCfg = Debug|Any CPU
		{8277092D-FB8E-4623-B3DB-4DA39CBDCFF6}.Debug|Any CPU.Build.0 = Debug|Any CPU
		{8277092D-FB8E-4623-B3DB-4DA39CBDCFF6}.Release|Any CPU.ActiveCfg = Release|Any CPU
		{8277092D-FB8E-4623-B3DB-4DA39CBDCFF6}.Release|Any CPU.Build.0 = Release|Any CPU
		{DA43EE75-46F3-4C4C-9308-ECF657A314D1}.Debug|Any CPU.ActiveCfg = Debug|Any CPU
		{DA43EE75-46F3-4C4C-9308-ECF657A314D1}.Debug|Any CPU.Build.0 = Debug|Any CPU
		{DA43EE75-46F3-4C4C-9308-ECF657A314D1}.Release|Any CPU.ActiveCfg = Release|Any CPU
		{DA43EE75-46F3-4C4C-9308-ECF657A314D1}.Release|Any CPU.Build.0 = Release|Any CPU
		{CF8AACED-A607-438C-B261-7AECDA00868D}.Debug|Any CPU.ActiveCfg = Debug|Any CPU
		{CF8AACED-A607-438C-B261-7AECDA00868D}.Debug|Any CPU.Build.0 = Debug|Any CPU
		{CF8AACED-A607-438C-B261-7AECDA00868D}.Release|Any CPU.ActiveCfg = Release|Any CPU
		{CF8AACED-A607-438C-B261-7AECDA00868D}.Release|Any CPU.Build.0 = Release|Any CPU
		{A30BEEA8-AF6E-1E21-CCF1-E792435F991C}.Debug|Any CPU.ActiveCfg = Debug|Any CPU
		{A30BEEA8-AF6E-1E21-CCF1-E792435F991C}.Debug|Any CPU.Build.0 = Debug|Any CPU
		{A30BEEA8-AF6E-1E21-CCF1-E792435F991C}.Release|Any CPU.ActiveCfg = Release|Any CPU
		{A30BEEA8-AF6E-1E21-CCF1-E792435F991C}.Release|Any CPU.Build.0 = Release|Any CPU
		{4B215B35-EE57-4E1F-8B5B-A59565847EA2}.Debug|Any CPU.ActiveCfg = Debug|Any CPU
		{4B215B35-EE57-4E1F-8B5B-A59565847EA2}.Debug|Any CPU.Build.0 = Debug|Any CPU
		{4B215B35-EE57-4E1F-8B5B-A59565847EA2}.Release|Any CPU.ActiveCfg = Release|Any CPU
		{4B215B35-EE57-4E1F-8B5B-A59565847EA2}.Release|Any CPU.Build.0 = Release|Any CPU
		{811B2F89-AEBE-4AA2-8FB5-DADB09340E5D}.Debug|Any CPU.ActiveCfg = Debug|Any CPU
		{811B2F89-AEBE-4AA2-8FB5-DADB09340E5D}.Debug|Any CPU.Build.0 = Debug|Any CPU
		{811B2F89-AEBE-4AA2-8FB5-DADB09340E5D}.Release|Any CPU.ActiveCfg = Release|Any CPU
		{811B2F89-AEBE-4AA2-8FB5-DADB09340E5D}.Release|Any CPU.Build.0 = Release|Any CPU
		{7B9CD518-3A16-4491-BCA9-B733B81C396F}.Debug|Any CPU.ActiveCfg = Debug|Any CPU
		{7B9CD518-3A16-4491-BCA9-B733B81C396F}.Debug|Any CPU.Build.0 = Debug|Any CPU
		{7B9CD518-3A16-4491-BCA9-B733B81C396F}.Release|Any CPU.ActiveCfg = Release|Any CPU
		{7B9CD518-3A16-4491-BCA9-B733B81C396F}.Release|Any CPU.Build.0 = Release|Any CPU
	EndGlobalSection
	GlobalSection(SolutionProperties) = preSolution
		HideSolutionNode = FALSE
	EndGlobalSection
	GlobalSection(NestedProjects) = preSolution
		{1AC2EA96-98AC-49FC-9FE8-981C410E7DF2} = {A3408172-7AC9-4C14-91FE-2A3EE0FF665C}
		{EA4D12AB-305B-43EC-91BE-2A3FCA90DAF2} = {165A3596-0D61-470A-B701-2D2D28C6F5ED}
		{8277092D-FB8E-4623-B3DB-4DA39CBDCFF6} = {214A689D-8162-421A-98BB-C625FE8925CC}
		{DA43EE75-46F3-4C4C-9308-ECF657A314D1} = {31051FAB-51CC-43DB-82C1-A9A790926918}
		{CF8AACED-A607-438C-B261-7AECDA00868D} = {165A3596-0D61-470A-B701-2D2D28C6F5ED}
		{165A3596-0D61-470A-B701-2D2D28C6F5ED} = {31051FAB-51CC-43DB-82C1-A9A790926918}
		{A30BEEA8-AF6E-1E21-CCF1-E792435F991C} = {63BBF8BA-B6A5-4D13-86F0-24A120AA727E}
		{4B215B35-EE57-4E1F-8B5B-A59565847EA2} = {FA9D2DE8-508C-4950-8065-3E595F19FBD4}
		{811B2F89-AEBE-4AA2-8FB5-DADB09340E5D} = {63BBF8BA-B6A5-4D13-86F0-24A120AA727E}
		{63BBF8BA-B6A5-4D13-86F0-24A120AA727E} = {A3408172-7AC9-4C14-91FE-2A3EE0FF665C}
		{7B9CD518-3A16-4491-BCA9-B733B81C396F} = {E30358A5-3A7F-43E9-ACCB-9653F51DB9E2}
		{E30358A5-3A7F-43E9-ACCB-9653F51DB9E2} = {214A689D-8162-421A-98BB-C625FE8925CC}
	EndGlobalSection
	GlobalSection(ExtensibilityGlobals) = postSolution
		SolutionGuid = {5C5E3C7F-0646-466C-AA2D-6E4B51CAFCDB}
	EndGlobalSection
EndGlobal
